
Microsoft Visual Studio Solution File, Format Version 12.00
# Visual Studio Version 16
VisualStudioVersion = 16.0.29926.136
MinimumVisualStudioVersion = 10.0.40219.1
Project("{8BC9CEB8-8B4A-11D0-8D11-00A0C91BC942}") = "1107", "1107.vcxproj", "{1FFE2BD7-5BD6-46D6-95CD-4D83D7D16B87}"
EndProject
Global
	GlobalSection(SolutionConfigurationPlatforms) = preSolution
		Debug|x64 = Debug|x64
		Debug|x86 = Debug|x86
		Release|x64 = Release|x64
		Release|x86 = Release|x86
	EndGlobalSection
	GlobalSection(ProjectConfigurationPlatforms) = postSolution
		{1FFE2BD7-5BD6-46D6-95CD-4D83D7D16B87}.Debug|x64.ActiveCfg = Debug|x64
		{1FFE2BD7-5BD6-46D6-95CD-4D83D7D16B87}.Debug|x64.Build.0 = Debug|x64
		{1FFE2BD7-5BD6-46D6-95CD-4D83D7D16B87}.Debug|x86.ActiveCfg = Debug|Win32
		{1FFE2BD7-5BD6-46D6-95CD-4D83D7D16B87}.Debug|x86.Build.0 = Debug|Win32
		{1FFE2BD7-5BD6-46D6-95CD-4D83D7D16B87}.Release|x64.ActiveCfg = Release|x64
		{1FFE2BD7-5BD6-46D6-95CD-4D83D7D16B87}.Release|x64.Build.0 = Release|x64
		{1FFE2BD7-5BD6-46D6-95CD-4D83D7D16B87}.Release|x86.ActiveCfg = Release|Win32
		{1FFE2BD7-5BD6-46D6-95CD-4D83D7D16B87}.Release|x86.Build.0 = Release|Win32
	EndGlobalSection
	GlobalSection(SolutionProperties) = preSolution
		HideSolutionNode = FALSE
	EndGlobalSection
	GlobalSection(ExtensibilityGlobals) = postSolution
		SolutionGuid = {8516CDF0-9B96-4F01-BF81-1FD741D2BA33}
	EndGlobalSection
EndGlobal
